
Microsoft Visual Studio Solution File, Format Version 12.00
# Visual Studio Version 16
VisualStudioVersion = 16.0.29613.14
MinimumVisualStudioVersion = 10.0.40219.1
Project("{9A19103F-16F7-4668-BE54-9A1E7A4F7556}") = "GSMdtTools", "GSMdtTools\GSMdtTools.csproj", "{3E3CF00E-DA0D-4D2B-B1B9-07D4A369E887}"
EndProject
Project("{FAE04EC0-301F-11D3-BF4B-00C04F79EFBC}") = "GSEncTools", "GSEncTools\GSEncTools.csproj", "{09DCEB97-32B7-4C20-BD0D-A0B2D2763237}"
EndProject
Global
	GlobalSection(SolutionConfigurationPlatforms) = preSolution
		Debug|Any CPU = Debug|Any CPU
		Release|Any CPU = Release|Any CPU
	EndGlobalSection
	GlobalSection(ProjectConfigurationPlatforms) = postSolution
		{3E3CF00E-DA0D-4D2B-B1B9-07D4A369E887}.Debug|Any CPU.ActiveCfg = Debug|Any CPU
		{3E3CF00E-DA0D-4D2B-B1B9-07D4A369E887}.Debug|Any CPU.Build.0 = Debug|Any CPU
		{3E3CF00E-DA0D-4D2B-B1B9-07D4A369E887}.Release|Any CPU.ActiveCfg = Release|Any CPU
		{3E3CF00E-DA0D-4D2B-B1B9-07D4A369E887}.Release|Any CPU.Build.0 = Release|Any CPU
		{09DCEB97-32B7-4C20-BD0D-A0B2D2763237}.Debug|Any CPU.ActiveCfg = Debug|Any CPU
		{09DCEB97-32B7-4C20-BD0D-A0B2D2763237}.Debug|Any CPU.Build.0 = Debug|Any CPU
		{09DCEB97-32B7-4C20-BD0D-A0B2D2763237}.Release|Any CPU.ActiveCfg = Release|Any CPU
		{09DCEB97-32B7-4C20-BD0D-A0B2D2763237}.Release|Any CPU.Build.0 = Release|Any CPU
	EndGlobalSection
	GlobalSection(SolutionProperties) = preSolution
		HideSolutionNode = FALSE
	EndGlobalSection
	GlobalSection(ExtensibilityGlobals) = postSolution
		SolutionGuid = {FAD76FC7-D99D-44CE-ADD5-D52B3CE06E34}
	EndGlobalSection
EndGlobal
